
Microsoft Visual Studio Solution File, Format Version 12.00
# Visual Studio Version 16
VisualStudioVersion = 16.0.31424.327
MinimumVisualStudioVersion = 10.0.40219.1
Project("{FAE04EC0-301F-11D3-BF4B-00C04F79EFBC}") = "OverrideToString", "OverrideToString\OverrideToString.csproj", "{16C7FD70-3E37-4854-B5EF-DCC1EDF15B4E}"
EndProject
Global
	GlobalSection(SolutionConfigurationPlatforms) = preSolution
		Debug|Any CPU = Debug|Any CPU
		Release|Any CPU = Release|Any CPU
	EndGlobalSection
	GlobalSection(ProjectConfigurationPlatforms) = postSolution
		{16C7FD70-3E37-4854-B5EF-DCC1EDF15B4E}.Debug|Any CPU.ActiveCfg = Debug|Any CPU
		{16C7FD70-3E37-4854-B5EF-DCC1EDF15B4E}.Debug|Any CPU.Build.0 = Debug|Any CPU
		{16C7FD70-3E37-4854-B5EF-DCC1EDF15B4E}.Release|Any CPU.ActiveCfg = Release|Any CPU
		{16C7FD70-3E37-4854-B5EF-DCC1EDF15B4E}.Release|Any CPU.Build.0 = Release|Any CPU
	EndGlobalSection
	GlobalSection(SolutionProperties) = preSolution
		HideSolutionNode = FALSE
	EndGlobalSection
	GlobalSection(ExtensibilityGlobals) = postSolution
		SolutionGuid = {28B7509E-0708-4E02-9944-1F3B7DD2396A}
	EndGlobalSection
EndGlobal
